<Solution>
  <Project Path="UnityEngine.UI.Tests.csproj" />
  <Project Path="UnityEngine.UI.csproj" />
  <Project Path="LeanLocalization.csproj" />
  <Project Path="LeanCommon.csproj" />
  <Project Path="LeanTransition.csproj" />
  <Project Path="Google.Play.Games.Editor.csproj" />
  <Project Path="Assembly-CSharp.csproj" />
  <Project Path="Unity.TextMeshPro.csproj" />
  <Project Path="Unity.TextMeshPro.Editor.csproj" />
  <Project Path="ProceduralTextAnimator.csproj" />
  <Project Path="Google.Play.Games.csproj" />
  <Project Path="UnityEditor.UI.csproj" />
  <Project Path="CFXRRuntime.csproj" />
  <Project Path="LeanLocalization.TMP.csproj" />
  <Project Path="UnityEditor.UI.EditorTests.csproj" />
  <Project Path="CFXRDemo.csproj" />
  <Project Path="CFXREditor.csproj" />
  <Project Path="CW.Common.csproj" />
  <Project Path="Assembly-CSharp-firstpass.csproj" />
  <Project Path="LeanGUI.csproj" />
  <Project Path="MyGame.Core.csproj" />
  <Project Path="Assembly-CSharp-Editor.csproj" />
  <Project Path="UnityEditor.UI.Analytics.csproj" />
  <Project Path="KinoBloom.Runtime.csproj" />
  <Project Path="LeanLocalizationEditor.csproj" />
  <Project Path="CFXR.WelcomeScreen.csproj" />
  <Project Path="Unity.TextMeshPro.Editor.Tests.csproj" />
  <Project Path="ToonyColorsPro.Demo.Editor.csproj" />
  <Project Path="Unity.TextMeshPro.Tests.csproj" />
  <Project Path="Unity.InternalAPIEngineBridge.004.csproj" />
  <Project Path="LeanTransition.Editor.csproj" />
</Solution>
